
Microsoft Visual Studio Solution File, Format Version 12.00
# Visual Studio Version 16
VisualStudioVersion = 16.0.29709.97
MinimumVisualStudioVersion = 10.0.40219.1
Project("{FAE04EC0-301F-11D3-BF4B-00C04F79EFBC}") = "WpfApp2", "WpfApp2.csproj", "{7C1236E9-14E1-4E4D-BEDA-E5ABA0039C27}"
EndProject
Global
	GlobalSection(SolutionConfigurationPlatforms) = preSolution
		Debug|Any CPU = Debug|Any CPU
		Release|Any CPU = Release|Any CPU
	EndGlobalSection
	GlobalSection(ProjectConfigurationPlatforms) = postSolution
		{7C1236E9-14E1-4E4D-BEDA-E5ABA0039C27}.Debug|Any CPU.ActiveCfg = Debug|Any CPU
		{7C1236E9-14E1-4E4D-BEDA-E5ABA0039C27}.Debug|Any CPU.Build.0 = Debug|Any CPU
		{7C1236E9-14E1-4E4D-BEDA-E5ABA0039C27}.Release|Any CPU.ActiveCfg = Release|Any CPU
		{7C1236E9-14E1-4E4D-BEDA-E5ABA0039C27}.Release|Any CPU.Build.0 = Release|Any CPU
	EndGlobalSection
	GlobalSection(SolutionProperties) = preSolution
		HideSolutionNode = FALSE
	EndGlobalSection
	GlobalSection(ExtensibilityGlobals) = postSolution
		SolutionGuid = {5683B969-1A76-4763-9DEC-7F5271EAF1A2}
	EndGlobalSection
EndGlobal
